
Microsoft Visual Studio Solution File, Format Version 12.00
# Visual Studio Version 17
VisualStudioVersion = 17.14.36429.23 d17.14
MinimumVisualStudioVersion = 10.0.40219.1
Project("{FAE04EC0-301F-11D3-BF4B-00C04F79EFBC}") = "BlogAPI", "BlogAPI\BlogAPI.csproj", "{C8EB4A5C-CA73-43F4-AA41-A6139CDA9AE7}"
EndProject
Global
	GlobalSection(SolutionConfigurationPlatforms) = preSolution
		Debug|Any CPU = Debug|Any CPU
		Release|Any CPU = Release|Any CPU
	EndGlobalSection
	GlobalSection(ProjectConfigurationPlatforms) = postSolution
		{C8EB4A5C-CA73-43F4-AA41-A6139CDA9AE7}.Debug|Any CPU.ActiveCfg = Debug|Any CPU
		{C8EB4A5C-CA73-43F4-AA41-A6139CDA9AE7}.Debug|Any CPU.Build.0 = Debug|Any CPU
		{C8EB4A5C-CA73-43F4-AA41-A6139CDA9AE7}.Release|Any CPU.ActiveCfg = Release|Any CPU
		{C8EB4A5C-CA73-43F4-AA41-A6139CDA9AE7}.Release|Any CPU.Build.0 = Release|Any CPU
	EndGlobalSection
	GlobalSection(SolutionProperties) = preSolution
		HideSolutionNode = FALSE
	EndGlobalSection
	GlobalSection(ExtensibilityGlobals) = postSolution
		SolutionGuid = {35C71722-FB04-4A5A-B3B4-468AE012CCDE}
	EndGlobalSection
EndGlobal
